
Microsoft Visual Studio Solution File, Format Version 12.00
# Visual Studio Version 17
VisualStudioVersion = 17.5.002.0
MinimumVisualStudioVersion = 10.0.40219.1
Project("{9A19103F-16F7-4668-BE54-9A1E7A4F7556}") = "Assembly-CSharp-Editor", "CQv0.1 - Copy\Assembly-CSharp-Editor.csproj", "{EA51AA8A-78E3-45BF-B394-04472F57D92A}"
EndProject
Project("{9A19103F-16F7-4668-BE54-9A1E7A4F7556}") = "Assembly-CSharp", "CQv0.1 - Copy\Assembly-CSharp.csproj", "{3EE0393D-0440-4BD2-BF5B-21FE744E9936}"
EndProject
Project("{9A19103F-16F7-4668-BE54-9A1E7A4F7556}") = "AstarPathfindingProject", "CQv0.1 - Copy\AstarPathfindingProject.csproj", "{1D04106B-2FA5-4FD4-A50F-285CE8A2229F}"
EndProject
Project("{9A19103F-16F7-4668-BE54-9A1E7A4F7556}") = "AstarPathfindingProjectEditor", "CQv0.1 - Copy\AstarPathfindingProjectEditor.csproj", "{40B39592-B999-4A1D-AC8C-57A1B67E299A}"
EndProject
Project("{9A19103F-16F7-4668-BE54-9A1E7A4F7556}") = "PackageToolsEditor", "CQv0.1 - Copy\PackageToolsEditor.csproj", "{F8A90903-0DEF-4C9E-8127-D53D9081D145}"
EndProject
Global
	GlobalSection(SolutionConfigurationPlatforms) = preSolution
		Debug|Any CPU = Debug|Any CPU
		Release|Any CPU = Release|Any CPU
	EndGlobalSection
	GlobalSection(ProjectConfigurationPlatforms) = postSolution
		{EA51AA8A-78E3-45BF-B394-04472F57D92A}.Debug|Any CPU.ActiveCfg = Debug|Any CPU
		{EA51AA8A-78E3-45BF-B394-04472F57D92A}.Debug|Any CPU.Build.0 = Debug|Any CPU
		{EA51AA8A-78E3-45BF-B394-04472F57D92A}.Release|Any CPU.ActiveCfg = Release|Any CPU
		{EA51AA8A-78E3-45BF-B394-04472F57D92A}.Release|Any CPU.Build.0 = Release|Any CPU
		{3EE0393D-0440-4BD2-BF5B-21FE744E9936}.Debug|Any CPU.ActiveCfg = Debug|Any CPU
		{3EE0393D-0440-4BD2-BF5B-21FE744E9936}.Debug|Any CPU.Build.0 = Debug|Any CPU
		{3EE0393D-0440-4BD2-BF5B-21FE744E9936}.Release|Any CPU.ActiveCfg = Release|Any CPU
		{3EE0393D-0440-4BD2-BF5B-21FE744E9936}.Release|Any CPU.Build.0 = Release|Any CPU
		{1D04106B-2FA5-4FD4-A50F-285CE8A2229F}.Debug|Any CPU.ActiveCfg = Debug|Any CPU
		{1D04106B-2FA5-4FD4-A50F-285CE8A2229F}.Debug|Any CPU.Build.0 = Debug|Any CPU
		{1D04106B-2FA5-4FD4-A50F-285CE8A2229F}.Release|Any CPU.ActiveCfg = Release|Any CPU
		{1D04106B-2FA5-4FD4-A50F-285CE8A2229F}.Release|Any CPU.Build.0 = Release|Any CPU
		{40B39592-B999-4A1D-AC8C-57A1B67E299A}.Debug|Any CPU.ActiveCfg = Debug|Any CPU
		{40B39592-B999-4A1D-AC8C-57A1B67E299A}.Debug|Any CPU.Build.0 = Debug|Any CPU
		{40B39592-B999-4A1D-AC8C-57A1B67E299A}.Release|Any CPU.ActiveCfg = Release|Any CPU
		{40B39592-B999-4A1D-AC8C-57A1B67E299A}.Release|Any CPU.Build.0 = Release|Any CPU
		{F8A90903-0DEF-4C9E-8127-D53D9081D145}.Debug|Any CPU.ActiveCfg = Debug|Any CPU
		{F8A90903-0DEF-4C9E-8127-D53D9081D145}.Debug|Any CPU.Build.0 = Debug|Any CPU
		{F8A90903-0DEF-4C9E-8127-D53D9081D145}.Release|Any CPU.ActiveCfg = Release|Any CPU
		{F8A90903-0DEF-4C9E-8127-D53D9081D145}.Release|Any CPU.Build.0 = Release|Any CPU
	EndGlobalSection
	GlobalSection(SolutionProperties) = preSolution
		HideSolutionNode = FALSE
	EndGlobalSection
	GlobalSection(ExtensibilityGlobals) = postSolution
		SolutionGuid = {36BCB3B9-F860-4368-9185-57C9B4EFD3CE}
	EndGlobalSection
EndGlobal
